
Microsoft Visual Studio Solution File, Format Version 12.00
# Visual Studio Version 17
VisualStudioVersion = 17.14.36109.1 d17.14
MinimumVisualStudioVersion = 10.0.40219.1
Project("{FAE04EC0-301F-11D3-BF4B-00C04F79EFBC}") = "Student System", "Student System\Student System.csproj", "{EC2CD9F6-A58B-4490-B91B-FFF8B5166350}"
EndProject
Global
	GlobalSection(SolutionConfigurationPlatforms) = preSolution
		Debug|Any CPU = Debug|Any CPU
		Release|Any CPU = Release|Any CPU
	EndGlobalSection
	GlobalSection(ProjectConfigurationPlatforms) = postSolution
		{EC2CD9F6-A58B-4490-B91B-FFF8B5166350}.Debug|Any CPU.ActiveCfg = Debug|Any CPU
		{EC2CD9F6-A58B-4490-B91B-FFF8B5166350}.Debug|Any CPU.Build.0 = Debug|Any CPU
		{EC2CD9F6-A58B-4490-B91B-FFF8B5166350}.Release|Any CPU.ActiveCfg = Release|Any CPU
		{EC2CD9F6-A58B-4490-B91B-FFF8B5166350}.Release|Any CPU.Build.0 = Release|Any CPU
	EndGlobalSection
	GlobalSection(SolutionProperties) = preSolution
		HideSolutionNode = FALSE
	EndGlobalSection
	GlobalSection(ExtensibilityGlobals) = postSolution
		SolutionGuid = {90BC3747-30D5-476B-B346-0197E408254F}
	EndGlobalSection
EndGlobal
